
Microsoft Visual Studio Solution File, Format Version 12.00
# Visual Studio Version 17
VisualStudioVersion = 17.3.32819.101
MinimumVisualStudioVersion = 10.0.40219.1
Project("{9A19103F-16F7-4668-BE54-9A1E7A4F7556}") = "translateBot", "translateBot.csproj", "{16BF5B9C-1404-4D8B-9103-18C2F70F1E0B}"
	ProjectSection(ProjectDependencies) = postProject
		{1F2A35D3-2709-45EE-81BE-180F738D04F1} = {1F2A35D3-2709-45EE-81BE-180F738D04F1}
	EndProjectSection
EndProject
Project("{9A19103F-16F7-4668-BE54-9A1E7A4F7556}") = "TranslateGoogle", "TranslateGoogle\TranslateGoogle.csproj", "{1F2A35D3-2709-45EE-81BE-180F738D04F1}"
EndProject
Global
	GlobalSection(SolutionConfigurationPlatforms) = preSolution
		Debug|Any CPU = Debug|Any CPU
		Release|Any CPU = Release|Any CPU
	EndGlobalSection
	GlobalSection(ProjectConfigurationPlatforms) = postSolution
		{16BF5B9C-1404-4D8B-9103-18C2F70F1E0B}.Debug|Any CPU.ActiveCfg = Debug|Any CPU
		{16BF5B9C-1404-4D8B-9103-18C2F70F1E0B}.Debug|Any CPU.Build.0 = Debug|Any CPU
		{16BF5B9C-1404-4D8B-9103-18C2F70F1E0B}.Release|Any CPU.ActiveCfg = Release|Any CPU
		{16BF5B9C-1404-4D8B-9103-18C2F70F1E0B}.Release|Any CPU.Build.0 = Release|Any CPU
		{1F2A35D3-2709-45EE-81BE-180F738D04F1}.Debug|Any CPU.ActiveCfg = Debug|Any CPU
		{1F2A35D3-2709-45EE-81BE-180F738D04F1}.Debug|Any CPU.Build.0 = Debug|Any CPU
		{1F2A35D3-2709-45EE-81BE-180F738D04F1}.Release|Any CPU.ActiveCfg = Release|Any CPU
		{1F2A35D3-2709-45EE-81BE-180F738D04F1}.Release|Any CPU.Build.0 = Release|Any CPU
	EndGlobalSection
	GlobalSection(SolutionProperties) = preSolution
		HideSolutionNode = FALSE
	EndGlobalSection
	GlobalSection(ExtensibilityGlobals) = postSolution
		SolutionGuid = {7641EE20-669A-4B71-B404-DDCA21307EE3}
	EndGlobalSection
EndGlobal
